
Microsoft Visual Studio Solution File, Format Version 12.00
# Visual Studio Version 16
VisualStudioVersion = 16.0.33801.447
MinimumVisualStudioVersion = 10.0.40219.1
Project("{FAE04EC0-301F-11D3-BF4B-00C04F79EFBC}") = "Web", "Web\Web.csproj", "{09D19E03-9FDA-4EE4-8049-5D80F537594D}"
EndProject
Project("{9A19103F-16F7-4668-BE54-9A1E7A4F7556}") = "BLL", "..\..\..\Utkarsh Bishnoi_Dotnet_MiniAssignment\Backend\CarRental\BLL\BLL.csproj", "{743F8FDD-7C1A-4F65-82B8-D3C9A020CE79}"
EndProject
Project("{9A19103F-16F7-4668-BE54-9A1E7A4F7556}") = "DAL", "..\..\..\Utkarsh Bishnoi_Dotnet_MiniAssignment\Backend\CarRental\DAL\DAL.csproj", "{6CC3B75A-0517-47F7-953E-946B58686E8D}"
EndProject
Global
	GlobalSection(SolutionConfigurationPlatforms) = preSolution
		Debug|Any CPU = Debug|Any CPU
		Release|Any CPU = Release|Any CPU
	EndGlobalSection
	GlobalSection(ProjectConfigurationPlatforms) = postSolution
		{09D19E03-9FDA-4EE4-8049-5D80F537594D}.Debug|Any CPU.ActiveCfg = Debug|Any CPU
		{09D19E03-9FDA-4EE4-8049-5D80F537594D}.Debug|Any CPU.Build.0 = Debug|Any CPU
		{09D19E03-9FDA-4EE4-8049-5D80F537594D}.Release|Any CPU.ActiveCfg = Release|Any CPU
		{09D19E03-9FDA-4EE4-8049-5D80F537594D}.Release|Any CPU.Build.0 = Release|Any CPU
		{743F8FDD-7C1A-4F65-82B8-D3C9A020CE79}.Debug|Any CPU.ActiveCfg = Debug|Any CPU
		{743F8FDD-7C1A-4F65-82B8-D3C9A020CE79}.Debug|Any CPU.Build.0 = Debug|Any CPU
		{743F8FDD-7C1A-4F65-82B8-D3C9A020CE79}.Release|Any CPU.ActiveCfg = Release|Any CPU
		{743F8FDD-7C1A-4F65-82B8-D3C9A020CE79}.Release|Any CPU.Build.0 = Release|Any CPU
		{6CC3B75A-0517-47F7-953E-946B58686E8D}.Debug|Any CPU.ActiveCfg = Debug|Any CPU
		{6CC3B75A-0517-47F7-953E-946B58686E8D}.Debug|Any CPU.Build.0 = Debug|Any CPU
		{6CC3B75A-0517-47F7-953E-946B58686E8D}.Release|Any CPU.ActiveCfg = Release|Any CPU
		{6CC3B75A-0517-47F7-953E-946B58686E8D}.Release|Any CPU.Build.0 = Release|Any CPU
	EndGlobalSection
	GlobalSection(SolutionProperties) = preSolution
		HideSolutionNode = FALSE
	EndGlobalSection
	GlobalSection(ExtensibilityGlobals) = postSolution
		SolutionGuid = {B1EE08DA-D3B6-4A45-B4EF-2B399C258F6F}
	EndGlobalSection
EndGlobal
